Microsoft Visual Studio Solution File, Format Version 12.00
# Visual Studio 15
VisualStudioVersion = 15.0.27004.2005
MinimumVisualStudioVersion = 15.0.26124.0
Project("{9A19103F-16F7-4668-BE54-9A1E7A4F7556}") = "PrettyLink.Api", "PrettyLink.Api\PrettyLink.Api.csproj", "{DFCD3241-5EB1-47C0-8FCC-1E62010B55DB}"
EndProject
Project("{9A19103F-16F7-4668-BE54-9A1E7A4F7556}") = "PrettyLink.Domain", "PrettyLink.Domain\PrettyLink.Domain.csproj", "{79BCCD3C-EE09-45F1-9C30-7895D4FBC728}"
EndProject
Project("{9A19103F-16F7-4668-BE54-9A1E7A4F7556}") = "PrettyLink.Domain.IntegrationTest", "PrettyLink.Domain.IntegrationTest\PrettyLink.Domain.IntegrationTest.csproj", "{C51198CC-AE42-4A3C-A30D-BF29FB69CF12}"
EndProject
Project("{9A19103F-16F7-4668-BE54-9A1E7A4F7556}") = "PrettyLink.Domain.UnitTest", "PrettyLink.Domain.UnitTest\PrettyLink.Domain.UnitTest.csproj", "{96DEA9CF-5B0F-4244-B299-E4E93AF45C35}"
EndProject
Project("{2150E333-8FDC-42A3-9474-1A3956D46DE8}") = "Solution Items", "Solution Items", "{E4058F91-0F6A-4E2A-B29C-31C6D577481C}"
	ProjectSection(SolutionItems) = preProject
		.gitignore = .gitignore
		README.md = README.md
	EndProjectSection
EndProject
Global
	GlobalSection(SolutionConfigurationPlatforms) = preSolution
		Debug|Any CPU = Debug|Any CPU
		Debug|x64 = Debug|x64
		Debug|x86 = Debug|x86
		Release|Any CPU = Release|Any CPU
		Release|x64 = Release|x64
		Release|x86 = Release|x86
	EndGlobalSection
	GlobalSection(ProjectConfigurationPlatforms) = postSolution
		{DFCD3241-5EB1-47C0-8FCC-1E62010B55DB}.Debug|Any CPU.ActiveCfg = Debug|Any CPU
		{DFCD3241-5EB1-47C0-8FCC-1E62010B55DB}.Debug|Any CPU.Build.0 = Debug|Any CPU
		{DFCD3241-5EB1-47C0-8FCC-1E62010B55DB}.Debug|x64.ActiveCfg = Debug|Any CPU
		{DFCD3241-5EB1-47C0-8FCC-1E62010B55DB}.Debug|x64.Build.0 = Debug|Any CPU
		{DFCD3241-5EB1-47C0-8FCC-1E62010B55DB}.Debug|x86.ActiveCfg = Debug|Any CPU
		{DFCD3241-5EB1-47C0-8FCC-1E62010B55DB}.Debug|x86.Build.0 = Debug|Any CPU
		{DFCD3241-5EB1-47C0-8FCC-1E62010B55DB}.Release|Any CPU.ActiveCfg = Release|Any CPU
		{DFCD3241-5EB1-47C0-8FCC-1E62010B55DB}.Release|Any CPU.Build.0 = Release|Any CPU
		{DFCD3241-5EB1-47C0-8FCC-1E62010B55DB}.Release|x64.ActiveCfg = Release|Any CPU
		{DFCD3241-5EB1-47C0-8FCC-1E62010B55DB}.Release|x64.Build.0 = Release|Any CPU
		{DFCD3241-5EB1-47C0-8FCC-1E62010B55DB}.Release|x86.ActiveCfg = Release|Any CPU
		{DFCD3241-5EB1-47C0-8FCC-1E62010B55DB}.Release|x86.Build.0 = Release|Any CPU
		{79BCCD3C-EE09-45F1-9C30-7895D4FBC728}.Debug|Any CPU.ActiveCfg = Debug|Any CPU
		{79BCCD3C-EE09-45F1-9C30-7895D4FBC728}.Debug|Any CPU.Build.0 = Debug|Any CPU
		{79BCCD3C-EE09-45F1-9C30-7895D4FBC728}.Debug|x64.ActiveCfg = Debug|Any CPU
		{79BCCD3C-EE09-45F1-9C30-7895D4FBC728}.Debug|x64.Build.0 = Debug|Any CPU
		{79BCCD3C-EE09-45F1-9C30-7895D4FBC728}.Debug|x86.ActiveCfg = Debug|Any CPU
		{79BCCD3C-EE09-45F1-9C30-7895D4FBC728}.Debug|x86.Build.0 = Debug|Any CPU
		{79BCCD3C-EE09-45F1-9C30-7895D4FBC728}.Release|Any CPU.ActiveCfg = Release|Any CPU
		{79BCCD3C-EE09-45F1-9C30-7895D4FBC728}.Release|Any CPU.Build.0 = Release|Any CPU
		{79BCCD3C-EE09-45F1-9C30-7895D4FBC728}.Release|x64.ActiveCfg = Release|Any CPU
		{79BCCD3C-EE09-45F1-9C30-7895D4FBC728}.Release|x64.Build.0 = Release|Any CPU
		{79BCCD3C-EE09-45F1-9C30-7895D4FBC728}.Release|x86.ActiveCfg = Release|Any CPU
		{79BCCD3C-EE09-45F1-9C30-7895D4FBC728}.Release|x86.Build.0 = Release|Any CPU
		{C51198CC-AE42-4A3C-A30D-BF29FB69CF12}.Debug|Any CPU.ActiveCfg = Debug|Any CPU
		{C51198CC-AE42-4A3C-A30D-BF29FB69CF12}.Debug|Any CPU.Build.0 = Debug|Any CPU
		{C51198CC-AE42-4A3C-A30D-BF29FB69CF12}.Debug|x64.ActiveCfg = Debug|Any CPU
		{C51198CC-AE42-4A3C-A30D-BF29FB69CF12}.Debug|x64.Build.0 = Debug|Any CPU
		{C51198CC-AE42-4A3C-A30D-BF29FB69CF12}.Debug|x86.ActiveCfg = Debug|Any CPU
		{C51198CC-AE42-4A3C-A30D-BF29FB69CF12}.Debug|x86.Build.0 = Debug|Any CPU
		{C51198CC-AE42-4A3C-A30D-BF29FB69CF12}.Release|Any CPU.ActiveCfg = Release|Any CPU
		{C51198CC-AE42-4A3C-A30D-BF29FB69CF12}.Release|Any CPU.Build.0 = Release|Any CPU
		{C51198CC-AE42-4A3C-A30D-BF29FB69CF12}.Release|x64.ActiveCfg = Release|Any CPU
		{C51198CC-AE42-4A3C-A30D-BF29FB69CF12}.Release|x64.Build.0 = Release|Any CPU
		{C51198CC-AE42-4A3C-A30D-BF29FB69CF12}.Release|x86.ActiveCfg = Release|Any CPU
		{C51198CC-AE42-4A3C-A30D-BF29FB69CF12}.Release|x86.Build.0 = Release|Any CPU
		{96DEA9CF-5B0F-4244-B299-E4E93AF45C35}.Debug|Any CPU.ActiveCfg = Debug|Any CPU
		{96DEA9CF-5B0F-4244-B299-E4E93AF45C35}.Debug|Any CPU.Build.0 = Debug|Any CPU
		{96DEA9CF-5B0F-4244-B299-E4E93AF45C35}.Debug|x64.ActiveCfg = Debug|Any CPU
		{96DEA9CF-5B0F-4244-B299-E4E93AF45C35}.Debug|x64.Build.0 = Debug|Any CPU
		{96DEA9CF-5B0F-4244-B299-E4E93AF45C35}.Debug|x86.ActiveCfg = Debug|Any CPU
		{96DEA9CF-5B0F-4244-B299-E4E93AF45C35}.Debug|x86.Build.0 = Debug|Any CPU
		{96DEA9CF-5B0F-4244-B299-E4E93AF45C35}.Release|Any CPU.ActiveCfg = Release|Any CPU
		{96DEA9CF-5B0F-4244-B299-E4E93AF45C35}.Release|Any CPU.Build.0 = Release|Any CPU
		{96DEA9CF-5B0F-4244-B299-E4E93AF45C35}.Release|x64.ActiveCfg = Release|Any CPU
		{96DEA9CF-5B0F-4244-B299-E4E93AF45C35}.Release|x64.Build.0 = Release|Any CPU
		{96DEA9CF-5B0F-4244-B299-E4E93AF45C35}.Release|x86.ActiveCfg = Release|Any CPU
		{96DEA9CF-5B0F-4244-B299-E4E93AF45C35}.Release|x86.Build.0 = Release|Any CPU
	EndGlobalSection
	GlobalSection(SolutionProperties) = preSolution
		HideSolutionNode = FALSE
	EndGlobalSection
	GlobalSection(ExtensibilityGlobals) = postSolution
		SolutionGuid = {F4647975-2B51-4225-A6A0-8C0923970544}
	EndGlobalSection
EndGlobal
